{
  "name": "cross-intel-agent",
  "version": "1.0.0",
  "lockfileVersion": 3,
  "requires": true,
  "packages": {
    "": {
      "name": "cross-intel-agent",
      "version": "1.0.0"
    },
    "../shared-libs/llm-client": {
      "version": "1.0.0",
      "extraneous": true,
      "dependencies": {
        "@google/generative-ai": "^0.21.0"
      }
    }
  }
}
